{
  "name": "lab5-modules-practical",
  "lockfileVersion": 3,
  "requires": true,
  "packages": {
    "": {
      "dependencies": {
        "loaddash": "^0.0.1-security"
      }
    },
    "node_modules/loaddash": {
      "version": "0.0.1-security",
      "resolved": "https://registry.npmjs.org/loaddash/-/loaddash-0.0.1-security.tgz",
      "integrity": "sha512-ovgHAIq4QU07zf2cVcEKVdl00ybh2QozXVNT7dEYQcM1RurK/2zliALkkX29b9qwSp+67AT2DSAP5jFme0c6Yw=="
    }
  }
}
